<?xml version="1.0" encoding="utf-8"?>
<Project ToolsVersion="4.0" xmlns="http://schemas.microsoft.com/developer/msbuild/2003">
  <ItemGroup>
    <Filter Include="Source Files">
      <UniqueIdentifier>{4FC737F1-C7A5-4376-A066-2A32D752A2FF}</UniqueIdentifier>
      <Extensions>cpp;c;cc;cxx;c++;cppm;ixx;def;odl;idl;hpj;bat;asm;asmx</Extensions>
    </Filter>
    <Filter Include="Header Files">
      <UniqueIdentifier>{93995380-89BD-4b04-88EB-625FBE52EBFB}</UniqueIdentifier>
      <Extensions>h;hh;hpp;hxx;h++;hm;inl;inc;ipp;xsd</Extensions>
    </Filter>
    <Filter Include="Resource Files">
      <UniqueIdentifier>{67DA6AB6-F800-4c08-8B7A-83BB121AAD01}</UniqueIdentifier>
      <Extensions>rc;ico;cur;bmp;dlg;rc2;rct;bin;rgs;gif;jpg;jpeg;jpe;resx;tiff;tif;png;wav;mfcribbon-ms</Extensions>
    </Filter>
  </ItemGroup>
  <ItemGroup>
    <ClCompile Include="main\main.cpp">
      <Filter>Source Files</Filter>
    </ClCompile>
    <ClCompile Include="main\app\imgui\imgui.cpp">
      <Filter>Source Files</Filter>
    </ClCompile>
    <ClCompile Include="main\app\imgui\imgui_demo.cpp">
      <Filter>Source Files</Filter>
    </ClCompile>
    <ClCompile Include="main\app\imgui\imgui_draw.cpp">
      <Filter>Source Files</Filter>
    </ClCompile>
    <ClCompile Include="main\app\imgui\imgui_impl_glfw.cpp">
      <Filter>Source Files</Filter>
    </ClCompile>
    <ClCompile Include="main\app\imgui\imgui_impl_opengl3.cpp">
      <Filter>Source Files</Filter>
    </ClCompile>
    <ClCompile Include="main\app\imgui\imgui_tables.cpp">
      <Filter>Source Files</Filter>
    </ClCompile>
    <ClCompile Include="main\app\imgui\imgui_widgets.cpp">
      <Filter>Source Files</Filter>
    </ClCompile>
    <ClCompile Include="main\app\src\collision\Collider.cpp">
      <Filter>Source Files</Filter>
    </ClCompile>
    <ClCompile Include="main\app\src\collision\CuboidCollider.cpp">
      <Filter>Source Files</Filter>
    </ClCompile>
    <ClCompile Include="main\app\src\collision\NullCollider.cpp">
      <Filter>Source Files</Filter>
    </ClCompile>
    <ClCompile Include="main\app\src\collision\SphereCollider.cpp">
      <Filter>Source Files</Filter>
    </ClCompile>
    <ClCompile Include="main\app\src\util\datatypes\Dnum.cpp">
      <Filter>Source Files</Filter>
    </ClCompile>
    <ClCompile Include="main\app\src\util\datatypes\Quaternion.cpp">
      <Filter>Source Files</Filter>
    </ClCompile>
    <ClCompile Include="main\app\src\util\gl\Debug.cpp">
      <Filter>Source Files</Filter>
    </ClCompile>
    <ClCompile Include="main\app\src\util\gl\GpuProgram.cpp">
      <Filter>Source Files</Filter>
    </ClCompile>
    <ClCompile Include="main\app\src\util\gl\TesselationProgram.cpp">
      <Filter>Source Files</Filter>
    </ClCompile>
    <ClCompile Include="main\app\src\util\gl\VertexArray.cpp">
      <Filter>Source Files</Filter>
    </ClCompile>
    <ClCompile Include="main\app\src\util\gl\VertexBuffer.cpp">
      <Filter>Source Files</Filter>
    </ClCompile>
    <ClCompile Include="main\app\src\util\gl\VertexBufferLayout.cpp">
      <Filter>Source Files</Filter>
    </ClCompile>
    <ClCompile Include="main\app\src\util\glfw\glfw.cpp">
      <Filter>Source Files</Filter>
    </ClCompile>
    <ClCompile Include="main\app\src\util\glfw\KeyboardInput.cpp">
      <Filter>Source Files</Filter>
    </ClCompile>
    <ClCompile Include="main\app\src\util\glfw\Time.cpp">
      <Filter>Source Files</Filter>
    </ClCompile>
    <ClCompile Include="main\app\src\util\tex\stb_image.cpp">
      <Filter>Source Files</Filter>
    </ClCompile>
    <ClCompile Include="main\app\src\util\tex\Texture.cpp">
      <Filter>Source Files</Filter>
    </ClCompile>
    <ClCompile Include="main\app\src\util\Camera.cpp">
      <Filter>Source Files</Filter>
    </ClCompile>
    <ClCompile Include="main\app\src\util\Transformation.cpp">
      <Filter>Source Files</Filter>
    </ClCompile>
    <ClCompile Include="main\app\src\visual\CubeFrameMesh.cpp">
      <Filter>Source Files</Filter>
    </ClCompile>
    <ClCompile Include="main\app\src\visual\CuboidMesh.cpp">
      <Filter>Source Files</Filter>
    </ClCompile>
    <ClCompile Include="main\app\src\visual\PatchSurface.cpp">
      <Filter>Source Files</Filter>
    </ClCompile>
    <ClCompile Include="main\app\src\visual\Rect.cpp">
      <Filter>Source Files</Filter>
    </ClCompile>
    <ClCompile Include="main\app\src\visual\SphereMesh.cpp">
      <Filter>Source Files</Filter>
    </ClCompile>
    <ClCompile Include="main\app\src\Box.cpp">
      <Filter>Source Files</Filter>
    </ClCompile>
    <ClCompile Include="main\app\src\SceneObject.cpp">
      <Filter>Source Files</Filter>
    </ClCompile>
    <ClCompile Include="main\app\src\Sun.cpp">
      <Filter>Source Files</Filter>
    </ClCompile>
    <ClCompile Include="main\app\Application.cpp">
      <Filter>Source Files</Filter>
    </ClCompile>
    <ClCompile Include="main\app\Gui.cpp">
      <Filter>Source Files</Filter>
    </ClCompile>
    <ClCompile Include="main\app\Scene.cpp">
      <Filter>Source Files</Filter>
    </ClCompile>
    <ClCompile Include="main\app\src\body\RigidBody.cpp">
      <Filter>Source Files</Filter>
    </ClCompile>
    <ClCompile Include="main\app\src\visual\Mesh.cpp">
      <Filter>Source Files</Filter>
    </ClCompile>
    <ClCompile Include="main\app\src\visual\Surface.cpp">
      <Filter>Source Files</Filter>
    </ClCompile>
    <ClCompile Include="main\app\src\visual\DebugDrawer.cpp">
      <Filter>Source Files</Filter>
    </ClCompile>
    <ClCompile Include="main\app\src\CollisionHandler.cpp">
      <Filter>Source Files</Filter>
    </ClCompile>
  </ItemGroup>
  <ItemGroup>
    <ClInclude Include="main\app\imgui\imconfig.h">
      <Filter>Header Files</Filter>
    </ClInclude>
    <ClInclude Include="main\app\imgui\imgui.h">
      <Filter>Header Files</Filter>
    </ClInclude>
    <ClInclude Include="main\app\imgui\imgui_impl_glfw.h">
      <Filter>Header Files</Filter>
    </ClInclude>
    <ClInclude Include="main\app\imgui\imgui_impl_opengl3.h">
      <Filter>Header Files</Filter>
    </ClInclude>
    <ClInclude Include="main\app\imgui\imgui_impl_opengl3_loader.h">
      <Filter>Header Files</Filter>
    </ClInclude>
    <ClInclude Include="main\app\imgui\imgui_internal.h">
      <Filter>Header Files</Filter>
    </ClInclude>
    <ClInclude Include="main\app\imgui\imstb_rectpack.h">
      <Filter>Header Files</Filter>
    </ClInclude>
    <ClInclude Include="main\app\imgui\imstb_textedit.h">
      <Filter>Header Files</Filter>
    </ClInclude>
    <ClInclude Include="main\app\imgui\imstb_truetype.h">
      <Filter>Header Files</Filter>
    </ClInclude>
    <ClInclude Include="main\app\src\collision\Collider.hpp">
      <Filter>Header Files</Filter>
    </ClInclude>
    <ClInclude Include="main\app\src\collision\CuboidCollider.hpp">
      <Filter>Header Files</Filter>
    </ClInclude>
    <ClInclude Include="main\app\src\collision\NullCollider.hpp">
      <Filter>Header Files</Filter>
    </ClInclude>
    <ClInclude Include="main\app\src\collision\SphereCollider.hpp">
      <Filter>Header Files</Filter>
    </ClInclude>
    <ClInclude Include="main\app\src\util\datatypes\Dnum.hpp">
      <Filter>Header Files</Filter>
    </ClInclude>
    <ClInclude Include="main\app\src\util\datatypes\Material.hpp">
      <Filter>Header Files</Filter>
    </ClInclude>
    <ClInclude Include="main\app\src\util\datatypes\Quaternion.hpp">
      <Filter>Header Files</Filter>
    </ClInclude>
    <ClInclude Include="main\app\src\util\gl\Debug.hpp">
      <Filter>Header Files</Filter>
    </ClInclude>
    <ClInclude Include="main\app\src\util\gl\GpuProgram.hpp">
      <Filter>Header Files</Filter>
    </ClInclude>
    <ClInclude Include="main\app\src\util\gl\TesselationProgram.hpp">
      <Filter>Header Files</Filter>
    </ClInclude>
    <ClInclude Include="main\app\src\util\gl\VertexArray.hpp">
      <Filter>Header Files</Filter>
    </ClInclude>
    <ClInclude Include="main\app\src\util\gl\VertexBuffer.hpp">
      <Filter>Header Files</Filter>
    </ClInclude>
    <ClInclude Include="main\app\src\util\gl\VertexBufferLayout.hpp">
      <Filter>Header Files</Filter>
    </ClInclude>
    <ClInclude Include="main\app\src\util\glfw\glfw.hpp">
      <Filter>Header Files</Filter>
    </ClInclude>
    <ClInclude Include="main\app\src\util\glfw\KeyboardInput.hpp">
      <Filter>Header Files</Filter>
    </ClInclude>
    <ClInclude Include="main\app\src\util\glfw\Time.hpp">
      <Filter>Header Files</Filter>
    </ClInclude>
    <ClInclude Include="main\app\src\util\tex\stb_image.h">
      <Filter>Header Files</Filter>
    </ClInclude>
    <ClInclude Include="main\app\src\util\tex\Texture.hpp">
      <Filter>Header Files</Filter>
    </ClInclude>
    <ClInclude Include="main\app\src\util\Camera.hpp">
      <Filter>Header Files</Filter>
    </ClInclude>
    <ClInclude Include="main\app\src\util\Transformation.hpp">
      <Filter>Header Files</Filter>
    </ClInclude>
    <ClInclude Include="main\app\src\visual\CubeFrameMesh.hpp">
      <Filter>Header Files</Filter>
    </ClInclude>
    <ClInclude Include="main\app\src\visual\CuboidMesh.hpp">
      <Filter>Header Files</Filter>
    </ClInclude>
    <ClInclude Include="main\app\src\visual\PatchSurface.hpp">
      <Filter>Header Files</Filter>
    </ClInclude>
    <ClInclude Include="main\app\src\visual\Rect.hpp">
      <Filter>Header Files</Filter>
    </ClInclude>
    <ClInclude Include="main\app\src\visual\SphereMesh.hpp">
      <Filter>Header Files</Filter>
    </ClInclude>
    <ClInclude Include="main\app\src\Box.hpp">
      <Filter>Header Files</Filter>
    </ClInclude>
    <ClInclude Include="main\app\src\SceneObject.hpp">
      <Filter>Header Files</Filter>
    </ClInclude>
    <ClInclude Include="main\app\src\Sun.hpp">
      <Filter>Header Files</Filter>
    </ClInclude>
    <ClInclude Include="main\app\Application.hpp">
      <Filter>Header Files</Filter>
    </ClInclude>
    <ClInclude Include="main\app\Gui.hpp">
      <Filter>Header Files</Filter>
    </ClInclude>
    <ClInclude Include="main\app\Scene.hpp">
      <Filter>Header Files</Filter>
    </ClInclude>
    <ClInclude Include="main\app\src\body\RigidBody.hpp">
      <Filter>Header Files</Filter>
    </ClInclude>
    <ClInclude Include="main\app\src\visual\Mesh.hpp">
      <Filter>Header Files</Filter>
    </ClInclude>
    <ClInclude Include="main\app\src\visual\Surface.hpp">
      <Filter>Header Files</Filter>
    </ClInclude>
    <ClInclude Include="main\app\src\visual\DebugDrawer.hpp">
      <Filter>Header Files</Filter>
    </ClInclude>
    <ClInclude Include="main\app\src\CollisionHandler.hpp">
      <Filter>Header Files</Filter>
    </ClInclude>
  </ItemGroup>
</Project>